// !$*UTF8*$!
{
	archiveVersion = 1;
	classes = {
	};
	objectVersion = 46;
	objects = {

/* Begin PBXBuildFile section */
		D1A521CD18EE4C1700DD54C1 /* Foundation.framework in Frameworks */ = {isa = PBXBuildFile; fileRef = D1A521CC18EE4C1700DD54C1 /* Foundation.framework */; };
		D1A521CF18EE4C1700DD54C1 /* CoreGraphics.framework in Frameworks */ = {isa = PBXBuildFile; fileRef = D1A521CE18EE4C1700DD54C1 /* CoreGraphics.framework */; };
		D1A521D118EE4C1700DD54C1 /* UIKit.framework in Frameworks */ = {isa = PBXBuildFile; fileRef = D1A521D018EE4C1700DD54C1 /* UIKit.framework */; };
		D1A521D718EE4C1700DD54C1 /* InfoPlist.strings in Resources */ = {isa = PBXBuildFile; fileRef = D1A521D518EE4C1700DD54C1 /* InfoPlist.strings */; };
		D1A521D918EE4C1700DD54C1 /* main.m in Sources */ = {isa = PBXBuildFile; fileRef = D1A521D818EE4C1700DD54C1 /* main.m */; };
		D1A521DD18EE4C1700DD54C1 /* AppDelegate.m in Sources */ = {isa = PBXBuildFile; fileRef = D1A521DC18EE4C1700DD54C1 /* AppDelegate.m */; };
		D1A521E018EE4C1700DD54C1 /* Main.storyboard in Resources */ = {isa = PBXBuildFile; fileRef = D1A521DE18EE4C1700DD54C1 /* Main.storyboard */; };
		D1A521E318EE4C1700DD54C1 /* ViewController.m in Sources */ = {isa = PBXBuildFile; fileRef = D1A521E218EE4C1700DD54C1 /* ViewController.m */; };
		D1A521E518EE4C1700DD54C1 /* Images.xcassets in Resources */ = {isa = PBXBuildFile; fileRef = D1A521E418EE4C1700DD54C1 /* Images.xcassets */; };
		D1A521EC18EE4C1700DD54C1 /* XCTest.framework in Frameworks */ = {isa = PBXBuildFile; fileRef = D1A521EB18EE4C1700DD54C1 /* XCTest.framework */; };
		D1A521ED18EE4C1700DD54C1 /* Foundation.framework in Frameworks */ = {isa = PBXBuildFile; fileRef = D1A521CC18EE4C1700DD54C1 /* Foundation.framework */; };
		D1A521EE18EE4C1700DD54C1 /* UIKit.framework in Frameworks */ = {isa = PBXBuildFile; fileRef = D1A521D018EE4C1700DD54C1 /* UIKit.framework */; };
		D1A521F618EE4C1700DD54C1 /* InfoPlist.strings in Resources */ = {isa = PBXBuildFile; fileRef = D1A521F418EE4C1700DD54C1 /* InfoPlist.strings */; };
		D1A521F818EE4C1700DD54C1 /* SQLite_TutorialTests.m in Sources */ = {isa = PBXBuildFile; fileRef = D1A521F718EE4C1700DD54C1 /* SQLite_TutorialTests.m */; };
/* End PBXBuildFile section */

/* Begin PBXContainerItemProxy section */
		D1A521EF18EE4C1700DD54C1 /* PBXContainerItemProxy */ = {
			isa = PBXContainerItemProxy;
			containerPortal = D1A521C118EE4C1700DD54C1 /* Project object */;
			proxyType = 1;
			remoteGlobalIDString = D1A521C818EE4C1700DD54C1;
			remoteInfo = "SQLite Tutorial";
		};
/* End PBXContainerItemProxy section */

/* Begin PBXFileReference section */
		D1A521C918EE4C1700DD54C1 /* SQLite Tutorial.app */ = {isa = PBXFileReference; explicitFileType = wrapper.application; includeInIndex = 0; path = "SQLite Tutorial.app"; sourceTree = BUILT_PRODUCTS_DIR; };
		D1A521CC18EE4C1700DD54C1 /* Foundation.framework */ = {isa = PBXFileReference; lastKnownFileType = wrapper.framework; name = Foundation.framework; path = System/Library/Frameworks/Foundation.framework; sourceTree = SDKROOT; };
		D1A521CE18EE4C1700DD54C1 /* CoreGraphics.framework */ = {isa = PBXFileReference; lastKnownFileType = wrapper.framework; name = CoreGraphics.framework; path = System/Library/Frameworks/CoreGraphics.framework; sourceTree = SDKROOT; };
		D1A521D018EE4C1700DD54C1 /* UIKit.framework */ = {isa = PBXFileReference; lastKnownFileType = wrapper.framework; name = UIKit.framework; path = System/Library/Frameworks/UIKit.framework; sourceTree = SDKROOT; };
		D1A521D418EE4C1700DD54C1 /* SQLite Tutorial-Info.plist */ = {isa = PBXFileReference; lastKnownFileType = text.plist.xml; path = "SQLite Tutorial-Info.plist"; sourceTree = "<group>"; };
		D1A521D618EE4C1700DD54C1 /* en */ = {isa = PBXFileReference; lastKnownFileType = text.plist.strings; name = en; path = en.lproj/InfoPlist.strings; sourceTree = "<group>"; };
		D1A521D818EE4C1700DD54C1 /* main.m */ = {isa = PBXFileReference; lastKnownFileType = sourcecode.c.objc; path = main.m; sourceTree = "<group>"; };
		D1A521DA18EE4C1700DD54C1 /* SQLite Tutorial-Prefix.pch */ = {isa = PBXFileReference; lastKnownFileType = sourcecode.c.h; path = "SQLite Tutorial-Prefix.pch"; sourceTree = "<group>"; };
		D1A521DB18EE4C1700DD54C1 /* AppDelegate.h */ = {isa = PBXFileReference; lastKnownFileType = sourcecode.c.h; path = AppDelegate.h; sourceTree = "<group>"; };
		D1A521DC18EE4C1700DD54C1 /* AppDelegate.m */ = {isa = PBXFileReference; lastKnownFileType = sourcecode.c.objc; path = AppDelegate.m; sourceTree = "<group>"; };
		D1A521DF18EE4C1700DD54C1 /* Base */ = {isa = PBXFileReference; lastKnownFileType = file.storyboard; name = Base; path = Base.lproj/Main.storyboard; sourceTree = "<group>"; };
		D1A521E118EE4C1700DD54C1 /* ViewController.h */ = {isa = PBXFileReference; lastKnownFileType = sourcecode.c.h; path = ViewController.h; sourceTree = "<group>"; };
		D1A521E218EE4C1700DD54C1 /* ViewController.m */ = {isa = PBXFileReference; lastKnownFileType = sourcecode.c.objc; path = ViewController.m; sourceTree = "<group>"; };
		D1A521E418EE4C1700DD54C1 /* Images.xcassets */ = {isa = PBXFileReference; lastKnownFileType = folder.assetcatalog; path = Images.xcassets; sourceTree = "<group>"; };
		D1A521EA18EE4C1700DD54C1 /* SQLite TutorialTests.xctest */ = {isa = PBXFileReference; explicitFileType = wrapper.cfbundle; includeInIndex = 0; path = "SQLite TutorialTests.xctest"; sourceTree = BUILT_PRODUCTS_DIR; };
		D1A521EB18EE4C1700DD54C1 /* XCTest.framework */ = {isa = PBXFileReference; lastKnownFileType = wrapper.framework; name = XCTest.framework; path = Library/Frameworks/XCTest.framework; sourceTree = DEVELOPER_DIR; };
		D1A521F318EE4C1700DD54C1 /* SQLite TutorialTests-Info.plist */ = {isa = PBXFileReference; lastKnownFileType = text.plist.xml; path = "SQLite TutorialTests-Info.plist"; sourceTree = "<group>"; };
		D1A521F518EE4C1700DD54C1 /* en */ = {isa = PBXFileReference; lastKnownFileType = text.plist.strings; name = en; path = en.lproj/InfoPlist.strings; sourceTree = "<group>"; };
		D1A521F718EE4C1700DD54C1 /* SQLite_TutorialTests.m */ = {isa = PBXFileReference; lastKnownFileType = sourcecode.c.objc; path = SQLite_TutorialTests.m; sourceTree = "<group>"; };
/* End PBXFileReference section */

/* Begin PBXFrameworksBuildPhase section */
		D1A521C618EE4C1700DD54C1 /* Frameworks */ = {
			isa = PBXFrameworksBuildPhase;
			buildActionMask = 2147483647;
			files = (
				D1A521CF18EE4C1700DD54C1 /* CoreGraphics.framework in Frameworks */,
				D1A521D118EE4C1700DD54C1 /* UIKit.framework in Frameworks */,
				D1A521CD18EE4C1700DD54C1 /* Foundation.framework in Frameworks */,
			);
			runOnlyForDeploymentPostprocessing = 0;
		};
		D1A521E718EE4C1700DD54C1 /* Frameworks */ = {
			isa = PBXFrameworksBuildPhase;
			buildActionMask = 2147483647;
			files = (
				D1A521EC18EE4C1700DD54C1 /* XCTest.framework in Frameworks */,
				D1A521EE18EE4C1700DD54C1 /* UIKit.framework in Frameworks */,
				D1A521ED18EE4C1700DD54C1 /* Foundation.framework in Frameworks */,
			);
			runOnlyForDeploymentPostprocessing = 0;
		};
/* End PBXFrameworksBuildPhase section */

/* Begin PBXGroup section */
		D1A521C018EE4C1700DD54C1 = {
			isa = PBXGroup;
			children = (
				D1A521D218EE4C1700DD54C1 /* SQLite Tutorial */,
				D1A521F118EE4C1700DD54C1 /* SQLite TutorialTests */,
				D1A521CB18EE4C1700DD54C1 /* Frameworks */,
				D1A521CA18EE4C1700DD54C1 /* Products */,
			);
			sourceTree = "<group>";
		};
		D1A521CA18EE4C1700DD54C1 /* Products */ = {
			isa = PBXGroup;
			children = (
				D1A521C918EE4C1700DD54C1 /* SQLite Tutorial.app */,
				D1A521EA18EE4C1700DD54C1 /* SQLite TutorialTests.xctest */,
			);
			name = Products;
			sourceTree = "<group>";
		};
		D1A521CB18EE4C1700DD54C1 /* Frameworks */ = {
			isa = PBXGroup;
			children = (
				D1A521CC18EE4C1700DD54C1 /* Foundation.framework */,
				D1A521CE18EE4C1700DD54C1 /* CoreGraphics.framework */,
				D1A521D018EE4C1700DD54C1 /* UIKit.framework */,
				D1A521EB18EE4C1700DD54C1 /* XCTest.framework */,
			);
			name = Frameworks;
			sourceTree = "<group>";
		};
		D1A521D218EE4C1700DD54C1 /* SQLite Tutorial */ = {
			isa = PBXGroup;
			children = (
				D1A521DB18EE4C1700DD54C1 /* AppDelegate.h */,
				D1A521DC18EE4C1700DD54C1 /* AppDelegate.m */,
				D1A521DE18EE4C1700DD54C1 /* Main.storyboard */,
				D1A521E118EE4C1700DD54C1 /* ViewController.h */,
				D1A521E218EE4C1700DD54C1 /* ViewController.m */,
				D1A521E418EE4C1700DD54C1 /* Images.xcassets */,
				D1A521D318EE4C1700DD54C1 /* Supporting Files */,
			);
			path = "SQLite Tutorial";
			sourceTree = "<group>";
		};
		D1A521D318EE4C1700DD54C1 /* Supporting Files */ = {
			isa = PBXGroup;
			children = (
				D1A521D418EE4C1700DD54C1 /* SQLite Tutorial-Info.plist */,
				D1A521D518EE4C1700DD54C1 /* InfoPlist.strings */,
				D1A521D818EE4C1700DD54C1 /* main.m */,
				D1A521DA18EE4C1700DD54C1 /* SQLite Tutorial-Prefix.pch */,
			);
			name = "Supporting Files";
			sourceTree = "<group>";
		};
		D1A521F118EE4C1700DD54C1 /* SQLite TutorialTests */ = {
			isa = PBXGroup;
			children = (
				D1A521F718EE4C1700DD54C1 /* SQLite_TutorialTests.m */,
				D1A521F218EE4C1700DD54C1 /* Supporting Files */,
			);
			path = "SQLite TutorialTests";
			sourceTree = "<group>";
		};
		D1A521F218EE4C1700DD54C1 /* Supporting Files */ = {
			isa = PBXGroup;
			children = (
				D1A521F318EE4C1700DD54C1 /* SQLite TutorialTests-Info.plist */,
				D1A521F418EE4C1700DD54C1 /* InfoPlist.strings */,
			);
			name = "Supporting Files";
			sourceTree = "<group>";
		};
/* End PBXGroup section */

/* Begin PBXNativeTarget section */
		D1A521C818EE4C1700DD54C1 /* SQLite Tutorial */ = {
			isa = PBXNativeTarget;
			buildConfigurationList = D1A521FB18EE4C1700DD54C1 /* Build configuration list for PBXNativeTarget "SQLite Tutorial" */;
			buildPhases = (
				D1A521C518EE4C1700DD54C1 /* Sources */,
				D1A521C618EE4C1700DD54C1 /* Frameworks */,
				D1A521C718EE4C1700DD54C1 /* Resources */,
			);
			buildRules = (
			);
			dependencies = (
			);
			name = "SQLite Tutorial";
			productName = "SQLite Tutorial";
			productReference = D1A521C918EE4C1700DD54C1 /* SQLite Tutorial.app */;
			productType = "com.apple.product-type.application";
		};
		D1A521E918EE4C1700DD54C1 /* SQLite TutorialTests */ = {
			isa = PBXNativeTarget;
			buildConfigurationList = D1A521FE18EE4C1700DD54C1 /* Build configuration list for PBXNativeTarget "SQLite TutorialTests" */;
			buildPhases = (
				D1A521E618EE4C1700DD54C1 /* Sources */,
				D1A521E718EE4C1700DD54C1 /* Frameworks */,
				D1A521E818EE4C1700DD54C1 /* Resources */,
			);
			buildRules = (
			);
			dependencies = (
				D1A521F018EE4C1700DD54C1 /* PBXTargetDependency */,
			);
			name = "SQLite TutorialTests";
			productName = "SQLite TutorialTests";
			productReference = D1A521EA18EE4C1700DD54C1 /* SQLite TutorialTests.xctest */;
			productType = "com.apple.product-type.bundle.unit-test";
		};
/* End PBXNativeTarget section */

/* Begin PBXProject section */
		D1A521C118EE4C1700DD54C1 /* Project object */ = {
			isa = PBXProject;
			attributes = {
				LastUpgradeCheck = 0510;
				ORGANIZATIONNAME = SmartPlace;
				TargetAttributes = {
					D1A521E918EE4C1700DD54C1 = {
						TestTargetID = D1A521C818EE4C1700DD54C1;
					};
				};
			};
			buildConfigurationList = D1A521C418EE4C1700DD54C1 /* Build configuration list for PBXProject "SQLite Tutorial" */;
			compatibilityVersion = "Xcode 3.2";
			developmentRegion = English;
			hasScannedForEncodings = 0;
			knownRegions = (
				en,
				Base,
			);
			mainGroup = D1A521C018EE4C1700DD54C1;
			productRefGroup = D1A521CA18EE4C1700DD54C1 /* Products */;
			projectDirPath = "";
			projectRoot = "";
			targets = (
				D1A521C818EE4C1700DD54C1 /* SQLite Tutorial */,
				D1A521E918EE4C1700DD54C1 /* SQLite TutorialTests */,
			);
		};
/* End PBXProject section */

/* Begin PBXResourcesBuildPhase section */
		D1A521C718EE4C1700DD54C1 /* Resources */ = {
			isa = PBXResourcesBuildPhase;
			buildActionMask = 2147483647;
			files = (
				D1A521E518EE4C1700DD54C1 /* Images.xcassets in Resources */,
				D1A521D718EE4C1700DD54C1 /* InfoPlist.strings in Resources */,
				D1A521E018EE4C1700DD54C1 /* Main.storyboard in Resources */,
			);
			runOnlyForDeploymentPostprocessing = 0;
		};
		D1A521E818EE4C1700DD54C1 /* Resources */ = {
			isa = PBXResourcesBuildPhase;
			buildActionMask = 2147483647;
			files = (
				D1A521F618EE4C1700DD54C1 /* InfoPlist.strings in Resources */,
			);
			runOnlyForDeploymentPostprocessing = 0;
		};
/* End PBXResourcesBuildPhase section */

/* Begin PBXSourcesBuildPhase section */
		D1A521C518EE4C1700DD54C1 /* Sources */ = {
			isa = PBXSourcesBuildPhase;
			buildActionMask = 2147483647;
			files = (
				D1A521E318EE4C1700DD54C1 /* ViewController.m in Sources */,
				D1A521DD18EE4C1700DD54C1 /* AppDelegate.m in Sources */,
				D1A521D918EE4C1700DD54C1 /* main.m in Sources */,
			);
			runOnlyForDeploymentPostprocessing = 0;
		};
		D1A521E618EE4C1700DD54C1 /* Sources */ = {
			isa = PBXSourcesBuildPhase;
			buildActionMask = 2147483647;
			files = (
				D1A521F818EE4C1700DD54C1 /* SQLite_TutorialTests.m in Sources */,
			);
			runOnlyForDeploymentPostprocessing = 0;
		};
/* End PBXSourcesBuildPhase section */

/* Begin PBXTargetDependency section */
		D1A521F018EE4C1700DD54C1 /* PBXTargetDependency */ = {
			isa = PBXTargetDependency;
			target = D1A521C818EE4C1700DD54C1 /* SQLite Tutorial */;
			targetProxy = D1A521EF18EE4C1700DD54C1 /* PBXContainerItemProxy */;
		};
/* End PBXTargetDependency section */

/* Begin PBXVariantGroup section */
		D1A521D518EE4C1700DD54C1 /* InfoPlist.strings */ = {
			isa = PBXVariantGroup;
			children = (
				D1A521D618EE4C1700DD54C1 /* en */,
			);
			name = InfoPlist.strings;
			sourceTree = "<group>";
		};
		D1A521DE18EE4C1700DD54C1 /* Main.storyboard */ = {
			isa = PBXVariantGroup;
			children = (
				D1A521DF18EE4C1700DD54C1 /* Base */,
			);
			name = Main.storyboard;
			sourceTree = "<group>";
		};
		D1A521F418EE4C1700DD54C1 /* InfoPlist.strings */ = {
			isa = PBXVariantGroup;
			children = (
				D1A521F518EE4C1700DD54C1 /* en */,
			);
			name = InfoPlist.strings;
			sourceTree = "<group>";
		};
/* End PBXVariantGroup section */

/* Begin XCBuildConfiguration section */
		D1A521F918EE4C1700DD54C1 /* Debug */ = {
			isa = XCBuildConfiguration;
			buildSettings = {
				ALWAYS_SEARCH_USER_PATHS = NO;
				CLANG_CXX_LANGUAGE_STANDARD = "gnu++0x";
				CLANG_CXX_LIBRARY = "libc++";
				CLANG_ENABLE_MODULES = YES;
				CLANG_ENABLE_OBJC_ARC = YES;
				CLANG_WARN_BOOL_CONVERSION = YES;
				CLANG_WARN_CONSTANT_CONVERSION = YES;
				CLANG_WARN_DIRECT_OBJC_ISA_USAGE = YES_ERROR;
				CLANG_WARN_EMPTY_BODY = YES;
				CLANG_WARN_ENUM_CONVERSION = YES;
				CLANG_WARN_INT_CONVERSION = YES;
				CLANG_WARN_OBJC_ROOT_CLASS = YES_ERROR;
				CLANG_WARN__DUPLICATE_METHOD_MATCH = YES;
				"CODE_SIGN_IDENTITY[sdk=iphoneos*]" = "iPhone Developer";
				COPY_PHASE_STRIP = NO;
				GCC_C_LANGUAGE_STANDARD = gnu99;
				GCC_DYNAMIC_NO_PIC = NO;
				GCC_OPTIMIZATION_LEVEL = 0;
				GCC_PREPROCESSOR_DEFINITIONS = (
					"DEBUG=1",
					"$(inherited)",
				);
				GCC_SYMBOLS_PRIVATE_EXTERN = NO;
				GCC_WARN_64_TO_32_BIT_CONVERSION = YES;
				GCC_WARN_ABOUT_RETURN_TYPE = YES_ERROR;
				GCC_WARN_UNDECLARED_SELECTOR = YES;
				GCC_WARN_UNINITIALIZED_AUTOS = YES_AGGRESSIVE;
				GCC_WARN_UNUSED_FUNCTION = YES;
				GCC_WARN_UNUSED_VARIABLE = YES;
				IPHONEOS_DEPLOYMENT_TARGET = 7.1;
				ONLY_ACTIVE_ARCH = YES;
				SDKROOT = iphoneos;
			};
			name = Debug;
		};
		D1A521FA18EE4C1700DD54C1 /* Release */ = {
			isa = XCBuildConfiguration;
			buildSettings = {
				ALWAYS_SEARCH_USER_PATHS = NO;
				CLANG_CXX_LANGUAGE_STANDARD = "gnu++0x";
				CLANG_CXX_LIBRARY = "libc++";
				CLANG_ENABLE_MODULES = YES;
				CLANG_ENABLE_OBJC_ARC = YES;
				CLANG_WARN_BOOL_CONVERSION = YES;
				CLANG_WARN_CONSTANT_CONVERSION = YES;
				CLANG_WARN_DIRECT_OBJC_ISA_USAGE = YES_ERROR;
				CLANG_WARN_EMPTY_BODY = YES;
				CLANG_WARN_ENUM_CONVERSION = YES;
				CLANG_WARN_INT_CONVERSION = YES;
				CLANG_WARN_OBJC_ROOT_CLASS = YES_ERROR;
				CLANG_WARN__DUPLICATE_METHOD_MATCH = YES;
				"CODE_SIGN_IDENTITY[sdk=iphoneos*]" = "iPhone Developer";
				COPY_PHASE_STRIP = YES;
				ENABLE_NS_ASSERTIONS = NO;
				GCC_C_LANGUAGE_STANDARD = gnu99;
				GCC_WARN_64_TO_32_BIT_CONVERSION = YES;
				GCC_WARN_ABOUT_RETURN_TYPE = YES_ERROR;
				GCC_WARN_UNDECLARED_SELECTOR = YES;
				GCC_WARN_UNINITIALIZED_AUTOS = YES_AGGRESSIVE;
				GCC_WARN_UNUSED_FUNCTION = YES;
				GCC_WARN_UNUSED_VARIABLE = YES;
				IPHONEOS_DEPLOYMENT_TARGET = 7.1;
				SDKROOT = iphoneos;
				VALIDATE_PRODUCT = YES;
			};
			name = Release;
		};
		D1A521FC18EE4C1700DD54C1 /* Debug */ = {
			isa = XCBuildConfiguration;
			buildSettings = {
				ASSETCATALOG_COMPILER_APPICON_NAME = AppIcon;
				ASSETCATALOG_COMPILER_LAUNCHIMAGE_NAME = LaunchImage;
				GCC_PRECOMPILE_PREFIX_HEADER = YES;
				GCC_PREFIX_HEADER = "SQLite Tutorial/SQLite Tutorial-Prefix.pch";
				INFOPLIST_FILE = "SQLite Tutorial/SQLite Tutorial-Info.plist";
				PRODUCT_NAME = "$(TARGET_NAME)";
				WRAPPER_EXTENSION = app;
			};
			name = Debug;
		};
		D1A521FD18EE4C1700DD54C1 /* Release */ = {
			isa = XCBuildConfiguration;
			buildSettings = {
				ASSETCATALOG_COMPILER_APPICON_NAME = AppIcon;
				ASSETCATALOG_COMPILER_LAUNCHIMAGE_NAME = LaunchImage;
				GCC_PRECOMPILE_PREFIX_HEADER = YES;
				GCC_PREFIX_HEADER = "SQLite Tutorial/SQLite Tutorial-Prefix.pch";
				INFOPLIST_FILE = "SQLite Tutorial/SQLite Tutorial-Info.plist";
				PRODUCT_NAME = "$(TARGET_NAME)";
				WRAPPER_EXTENSION = app;
			};
			name = Release;
		};
		D1A521FF18EE4C1700DD54C1 /* Debug */ = {
			isa = XCBuildConfiguration;
			buildSettings = {
				BUNDLE_LOADER = "$(BUILT_PRODUCTS_DIR)/SQLite Tutorial.app/SQLite Tutorial";
				FRAMEWORK_SEARCH_PATHS = (
					"$(SDKROOT)/Developer/Library/Frameworks",
					"$(inherited)",
					"$(DEVELOPER_FRAMEWORKS_DIR)",
				);
				GCC_PRECOMPILE_PREFIX_HEADER = YES;
				GCC_PREFIX_HEADER = "SQLite Tutorial/SQLite Tutorial-Prefix.pch";
				GCC_PREPROCESSOR_DEFINITIONS = (
					"DEBUG=1",
					"$(inherited)",
				);
				INFOPLIST_FILE = "SQLite TutorialTests/SQLite TutorialTests-Info.plist";
				PRODUCT_NAME = "$(TARGET_NAME)";
				TEST_HOST = "$(BUNDLE_LOADER)";
				WRAPPER_EXTENSION = xctest;
			};
			name = Debug;
		};
		D1A5220018EE4C1700DD54C1 /* Release */ = {
			isa = XCBuildConfiguration;
			buildSettings = {
				BUNDLE_LOADER = "$(BUILT_PRODUCTS_DIR)/SQLite Tutorial.app/SQLite Tutorial";
				FRAMEWORK_SEARCH_PATHS = (
					"$(SDKROOT)/Developer/Library/Frameworks",
					"$(inherited)",
					"$(DEVELOPER_FRAMEWORKS_DIR)",
				);
				GCC_PRECOMPILE_PREFIX_HEADER = YES;
				GCC_PREFIX_HEADER = "SQLite Tutorial/SQLite Tutorial-Prefix.pch";
				INFOPLIST_FILE = "SQLite TutorialTests/SQLite TutorialTests-Info.plist";
				PRODUCT_NAME = "$(TARGET_NAME)";
				TEST_HOST = "$(BUNDLE_LOADER)";
				WRAPPER_EXTENSION = xctest;
			};
			name = Release;
		};
/* End XCBuildConfiguration section */

/* Begin XCConfigurationList section */
		D1A521C418EE4C1700DD54C1 /* Build configuration list for PBXProject "SQLite Tutorial" */ = {
			isa = XCConfigurationList;
			buildConfigurations = (
				D1A521F918EE4C1700DD54C1 /* Debug */,
				D1A521FA18EE4C1700DD54C1 /* Release */,
			);
			defaultConfigurationIsVisible = 0;
			defaultConfigurationName = Release;
		};
		D1A521FB18EE4C1700DD54C1 /* Build configuration list for PBXNativeTarget "SQLite Tutorial" */ = {
			isa = XCConfigurationList;
			buildConfigurations = (
				D1A521FC18EE4C1700DD54C1 /* Debug */,
				D1A521FD18EE4C1700DD54C1 /* Release */,
			);
			defaultConfigurationIsVisible = 0;
		};
		D1A521FE18EE4C1700DD54C1 /* Build configuration list for PBXNativeTarget "SQLite TutorialTests" */ = {
			isa = XCConfigurationList;
			buildConfigurations = (
				D1A521FF18EE4C1700DD54C1 /* Debug */,
				D1A5220018EE4C1700DD54C1 /* Release */,
			);
			defaultConfigurationIsVisible = 0;
		};
/* End XCConfigurationList section */
	};
	rootObject = D1A521C118EE4C1700DD54C1 /* Project object */;
}
